
Microsoft Visual Studio Solution File, Format Version 12.00
# Visual Studio 15
Project("{FAE04EC0-301F-11D3-BF4B-00C04F79EFBC}") = "Giraffe", "Giraffe.csproj", "{0DF5B036-E3DA-4006-B416-833809874E07}"
EndProject
Global
	GlobalSection(SolutionConfigurationPlatforms) = preSolution
		Debug|Any CPU = Debug|Any CPU
		Release|Any CPU = Release|Any CPU
	EndGlobalSection
	GlobalSection(ProjectConfigurationPlatforms) = postSolution
		{0DF5B036-E3DA-4006-B416-833809874E07}.Debug|Any CPU.ActiveCfg = Debug|Any CPU
		{0DF5B036-E3DA-4006-B416-833809874E07}.Debug|Any CPU.Build.0 = Debug|Any CPU
		{0DF5B036-E3DA-4006-B416-833809874E07}.Release|Any CPU.ActiveCfg = Release|Any CPU
		{0DF5B036-E3DA-4006-B416-833809874E07}.Release|Any CPU.Build.0 = Release|Any CPU
	EndGlobalSection
EndGlobal
